
Microsoft Visual Studio Solution File, Format Version 12.00
# Visual Studio 2013
VisualStudioVersion = 12.0.21005.1
MinimumVisualStudioVersion = 10.0.40219.1
Project("{FAE04EC0-301F-11D3-BF4B-00C04F79EFBC}") = "ForumSystem", "ForumSystem\ForumSystem.csproj", "{8D1E3340-A335-41D7-B476-BDF11518FD1B}"
EndProject
Project("{FAE04EC0-301F-11D3-BF4B-00C04F79EFBC}") = "DAL", "DAL\DAL.csproj", "{846AB98E-7BA3-4CE5-BF7C-F5C7F9C5BB8D}"
EndProject
Project("{FAE04EC0-301F-11D3-BF4B-00C04F79EFBC}") = "Models", "Models\Models.csproj", "{90117C1E-9B70-4EDF-9689-3CDAA8406C86}"
EndProject
Global
	GlobalSection(SolutionConfigurationPlatforms) = preSolution
		Debug|Any CPU = Debug|Any CPU
		Release|Any CPU = Release|Any CPU
	EndGlobalSection
	GlobalSection(ProjectConfigurationPlatforms) = postSolution
		{8D1E3340-A335-41D7-B476-BDF11518FD1B}.Debug|Any CPU.ActiveCfg = Debug|Any CPU
		{8D1E3340-A335-41D7-B476-BDF11518FD1B}.Debug|Any CPU.Build.0 = Debug|Any CPU
		{8D1E3340-A335-41D7-B476-BDF11518FD1B}.Release|Any CPU.ActiveCfg = Release|Any CPU
		{8D1E3340-A335-41D7-B476-BDF11518FD1B}.Release|Any CPU.Build.0 = Release|Any CPU
		{846AB98E-7BA3-4CE5-BF7C-F5C7F9C5BB8D}.Debug|Any CPU.ActiveCfg = Debug|Any CPU
		{846AB98E-7BA3-4CE5-BF7C-F5C7F9C5BB8D}.Debug|Any CPU.Build.0 = Debug|Any CPU
		{846AB98E-7BA3-4CE5-BF7C-F5C7F9C5BB8D}.Release|Any CPU.ActiveCfg = Release|Any CPU
		{846AB98E-7BA3-4CE5-BF7C-F5C7F9C5BB8D}.Release|Any CPU.Build.0 = Release|Any CPU
		{90117C1E-9B70-4EDF-9689-3CDAA8406C86}.Debug|Any CPU.ActiveCfg = Debug|Any CPU
		{90117C1E-9B70-4EDF-9689-3CDAA8406C86}.Debug|Any CPU.Build.0 = Debug|Any CPU
		{90117C1E-9B70-4EDF-9689-3CDAA8406C86}.Release|Any CPU.ActiveCfg = Release|Any CPU
		{90117C1E-9B70-4EDF-9689-3CDAA8406C86}.Release|Any CPU.Build.0 = Release|Any CPU
	EndGlobalSection
	GlobalSection(SolutionProperties) = preSolution
		HideSolutionNode = FALSE
	EndGlobalSection
EndGlobal
