
Microsoft Visual Studio Solution File, Format Version 12.00
# Visual Studio 2013
VisualStudioVersion = 12.0.21005.1
MinimumVisualStudioVersion = 10.0.40219.1
Project("{FAE04EC0-301F-11D3-BF4B-00C04F79EFBC}") = "ASP.NETDemo", "ASP.NETDemo\ASP.NETDemo.csproj", "{4E5EEC68-9E93-445F-9EED-D368E9B32868}"
EndProject
Project("{FAE04EC0-301F-11D3-BF4B-00C04F79EFBC}") = "博客demo", "..\博客demo\博客demo\博客demo.csproj", "{FC56BC10-43FA-46F0-B84F-21C1E3B9B5ED}"
EndProject
Global
	GlobalSection(SolutionConfigurationPlatforms) = preSolution
		Debug|Any CPU = Debug|Any CPU
		Release|Any CPU = Release|Any CPU
	EndGlobalSection
	GlobalSection(ProjectConfigurationPlatforms) = postSolution
		{4E5EEC68-9E93-445F-9EED-D368E9B32868}.Debug|Any CPU.ActiveCfg = Debug|Any CPU
		{4E5EEC68-9E93-445F-9EED-D368E9B32868}.Debug|Any CPU.Build.0 = Debug|Any CPU
		{4E5EEC68-9E93-445F-9EED-D368E9B32868}.Release|Any CPU.ActiveCfg = Release|Any CPU
		{4E5EEC68-9E93-445F-9EED-D368E9B32868}.Release|Any CPU.Build.0 = Release|Any CPU
		{FC56BC10-43FA-46F0-B84F-21C1E3B9B5ED}.Debug|Any CPU.ActiveCfg = Debug|Any CPU
		{FC56BC10-43FA-46F0-B84F-21C1E3B9B5ED}.Debug|Any CPU.Build.0 = Debug|Any CPU
		{FC56BC10-43FA-46F0-B84F-21C1E3B9B5ED}.Release|Any CPU.ActiveCfg = Release|Any CPU
		{FC56BC10-43FA-46F0-B84F-21C1E3B9B5ED}.Release|Any CPU.Build.0 = Release|Any CPU
	EndGlobalSection
	GlobalSection(SolutionProperties) = preSolution
		HideSolutionNode = FALSE
	EndGlobalSection
	GlobalSection(ExtensibilityGlobals) = postSolution
		SolutionGuid = {16BDB540-3064-480B-95E1-AB12973DFD55}
	EndGlobalSection
EndGlobal
